
Microsoft Visual Studio Solution File, Format Version 12.00
# Visual Studio Version 17
VisualStudioVersion = 17.6.33723.286
MinimumVisualStudioVersion = 10.0.40219.1
Project("{FAE04EC0-301F-11D3-BF4B-00C04F79EFBC}") = "LunAdd", "LunAdd.csproj", "{1CEAEAA3-5231-4961-9299-4314030F3735}"
EndProject
Global
	GlobalSection(SolutionConfigurationPlatforms) = preSolution
		Debug|Any CPU = Debug|Any CPU
		Release|Any CPU = Release|Any CPU
	EndGlobalSection
	GlobalSection(ProjectConfigurationPlatforms) = postSolution
		{1CEAEAA3-5231-4961-9299-4314030F3735}.Debug|Any CPU.ActiveCfg = Debug|Any CPU
		{1CEAEAA3-5231-4961-9299-4314030F3735}.Debug|Any CPU.Build.0 = Debug|Any CPU
		{1CEAEAA3-5231-4961-9299-4314030F3735}.Release|Any CPU.ActiveCfg = Release|Any CPU
		{1CEAEAA3-5231-4961-9299-4314030F3735}.Release|Any CPU.Build.0 = Release|Any CPU
	EndGlobalSection
	GlobalSection(SolutionProperties) = preSolution
		HideSolutionNode = FALSE
	EndGlobalSection
	GlobalSection(ExtensibilityGlobals) = postSolution
		SolutionGuid = {9D96AC81-E134-4D35-97AA-6CAC395063B9}
	EndGlobalSection
EndGlobal
