
Microsoft Visual Studio Solution File, Format Version 12.00
# Visual Studio Version 17
VisualStudioVersion = 17.6.33723.286
MinimumVisualStudioVersion = 10.0.40219.1
Project("{9A19103F-16F7-4668-BE54-9A1E7A4F7556}") = "LunAdd", "src\LunAdd.csproj", "{A90B3495-443E-46F3-8CDA-99291869483A}"
EndProject
Global
	GlobalSection(SolutionConfigurationPlatforms) = preSolution
		Debug|Any CPU = Debug|Any CPU
		Release|Any CPU = Release|Any CPU
	EndGlobalSection
	GlobalSection(ProjectConfigurationPlatforms) = postSolution
		{A90B3495-443E-46F3-8CDA-99291869483A}.Debug|Any CPU.ActiveCfg = Debug|Any CPU
		{A90B3495-443E-46F3-8CDA-99291869483A}.Debug|Any CPU.Build.0 = Debug|Any CPU
		{A90B3495-443E-46F3-8CDA-99291869483A}.Release|Any CPU.ActiveCfg = Release|Any CPU
		{A90B3495-443E-46F3-8CDA-99291869483A}.Release|Any CPU.Build.0 = Release|Any CPU
	EndGlobalSection
	GlobalSection(SolutionProperties) = preSolution
		HideSolutionNode = FALSE
	EndGlobalSection
	GlobalSection(ExtensibilityGlobals) = postSolution
		SolutionGuid = {9D96AC81-E134-4D35-97AA-6CAC395063B9}
	EndGlobalSection
EndGlobal
